
Microsoft Visual Studio Solution File, Format Version 12.00
# Visual Studio 14
VisualStudioVersion = 14.0.25420.1
MinimumVisualStudioVersion = 10.0.40219.1
Project("{FAE04EC0-301F-11D3-BF4B-00C04F79EFBC}") = "proyectoprogramacionIII", "proyectoprogramacionIII\proyectoprogramacionIII.csproj", "{B2431BC9-0D15-46DC-A143-19D2DE546B7F}"
EndProject
Project("{FAE04EC0-301F-11D3-BF4B-00C04F79EFBC}") = "WindowsFormsApplication1", "..\WindowsFormsApplication1\WindowsFormsApplication1\WindowsFormsApplication1.csproj", "{44F08462-C1F4-405B-B5BF-F46773F76F01}"
EndProject
Project("{FAE04EC0-301F-11D3-BF4B-00C04F79EFBC}") = "FrmMenuApp", "..\WindowsFormsApplication1\FrmMenuApp\FrmMenuApp.csproj", "{C4BF14DF-DC95-47D1-9B81-B416B62B540A}"
EndProject
Global
	GlobalSection(SolutionConfigurationPlatforms) = preSolution
		Debug|Any CPU = Debug|Any CPU
		Release|Any CPU = Release|Any CPU
	EndGlobalSection
	GlobalSection(ProjectConfigurationPlatforms) = postSolution
		{B2431BC9-0D15-46DC-A143-19D2DE546B7F}.Debug|Any CPU.ActiveCfg = Debug|Any CPU
		{B2431BC9-0D15-46DC-A143-19D2DE546B7F}.Debug|Any CPU.Build.0 = Debug|Any CPU
		{B2431BC9-0D15-46DC-A143-19D2DE546B7F}.Release|Any CPU.ActiveCfg = Release|Any CPU
		{B2431BC9-0D15-46DC-A143-19D2DE546B7F}.Release|Any CPU.Build.0 = Release|Any CPU
		{44F08462-C1F4-405B-B5BF-F46773F76F01}.Debug|Any CPU.ActiveCfg = Debug|Any CPU
		{44F08462-C1F4-405B-B5BF-F46773F76F01}.Debug|Any CPU.Build.0 = Debug|Any CPU
		{44F08462-C1F4-405B-B5BF-F46773F76F01}.Release|Any CPU.ActiveCfg = Release|Any CPU
		{44F08462-C1F4-405B-B5BF-F46773F76F01}.Release|Any CPU.Build.0 = Release|Any CPU
		{C4BF14DF-DC95-47D1-9B81-B416B62B540A}.Debug|Any CPU.ActiveCfg = Debug|Any CPU
		{C4BF14DF-DC95-47D1-9B81-B416B62B540A}.Debug|Any CPU.Build.0 = Debug|Any CPU
		{C4BF14DF-DC95-47D1-9B81-B416B62B540A}.Release|Any CPU.ActiveCfg = Release|Any CPU
		{C4BF14DF-DC95-47D1-9B81-B416B62B540A}.Release|Any CPU.Build.0 = Release|Any CPU
	EndGlobalSection
	GlobalSection(SolutionProperties) = preSolution
		HideSolutionNode = FALSE
	EndGlobalSection
EndGlobal
